
Microsoft Visual Studio Solution File, Format Version 12.00
# Visual Studio 15
VisualStudioVersion = 15.0.27130.2010
MinimumVisualStudioVersion = 10.0.40219.1
Project("{2150E333-8FDC-42A3-9474-1A3956D46DE8}") = "src", "src", "{AFAA0841-BD93-466F-B8F4-FB4EEC86F1FC}"
EndProject
Project("{2150E333-8FDC-42A3-9474-1A3956D46DE8}") = "test", "test", "{F10AA149-2626-486E-85BB-9CD5365F3016}"
EndProject
Project("{9A19103F-16F7-4668-BE54-9A1E7A4F7556}") = "Plexform.Core", "src\Plexform.Core\Plexform.Core.csproj", "{0FA75A5B-AB83-4FD0-B545-279774C01E87}"
EndProject
Project("{9A19103F-16F7-4668-BE54-9A1E7A4F7556}") = "Plexform.Application", "src\Plexform.Application\Plexform.Application.csproj", "{3870C648-4AEA-4B85-BA3F-F2F63B96136A}"
EndProject
Project("{9A19103F-16F7-4668-BE54-9A1E7A4F7556}") = "Plexform.Tests", "test\Plexform.Tests\Plexform.Tests.csproj", "{0D4C5D00-C144-4213-A007-4B8944113AB1}"
EndProject
Project("{9A19103F-16F7-4668-BE54-9A1E7A4F7556}") = "Plexform.Migrator", "src\Plexform.Migrator\Plexform.Migrator.csproj", "{880B3591-E057-46FE-B525-10BD83828B93}"
EndProject
Project("{9A19103F-16F7-4668-BE54-9A1E7A4F7556}") = "Plexform.Web.Host", "src\Plexform.Web.Host\Plexform.Web.Host.csproj", "{38E184BD-E874-4633-A947-AED4FDB73F40}"
EndProject
Project("{9A19103F-16F7-4668-BE54-9A1E7A4F7556}") = "Plexform.Web.Core", "src\Plexform.Web.Core\Plexform.Web.Core.csproj", "{22CFE0D2-8DCA-42D7-AD7D-784C3862493F}"
EndProject
Project("{9A19103F-16F7-4668-BE54-9A1E7A4F7556}") = "Plexform.EntityFrameworkCore", "src\Plexform.EntityFrameworkCore\Plexform.EntityFrameworkCore.csproj", "{E0580562-F8F2-4EBB-B07A-ABFC6F2C314F}"
EndProject
Project("{2150E333-8FDC-42A3-9474-1A3956D46DE8}") = "eSWIS", "eSWIS", "{E0B9E252-D1ED-4AF9-9DA8-7D225730116A}"
EndProject
Project("{9A19103F-16F7-4668-BE54-9A1E7A4F7556}") = "Plexform.Logic", "src\Plexform.Logic\Plexform.Logic.csproj", "{B4167657-5758-4ECB-B747-AA55AE70A493}"
EndProject
Project("{F184B08F-C81C-45F6-A57F-5ABD9991F28F}") = "eSWIS.Logic", "eSWIS\eSWIS.Logic\eSWIS.Logic.vbproj", "{86ECF3C4-F6A8-4A57-B089-11B738343F5B}"
EndProject
Project("{F184B08F-C81C-45F6-A57F-5ABD9991F28F}") = "eSWIS.Shared", "eSWIS\eSWIS.Shared\eSWIS.Shared.vbproj", "{7484CAB1-B954-45E4-8E07-F46D28EF7489}"
EndProject
Project("{2150E333-8FDC-42A3-9474-1A3956D46DE8}") = "GSB", "GSB", "{3D3B4AA2-5BAC-45DE-83B2-85DB72E65546}"
EndProject
Project("{FAE04EC0-301F-11D3-BF4B-00C04F79EFBC}") = "ABS.GBS", "GBS\ABS.GBS\ABS.GBS.csproj", "{8AF4A445-60FD-40E9-8B89-B93589EE74B1}"
EndProject
Project("{FAE04EC0-301F-11D3-BF4B-00C04F79EFBC}") = "ABS.Insure", "GBS\ABS.Insure\ABS.Insure.csproj", "{8E3728EB-DE77-4E05-9E96-05D4B45176AF}"
EndProject
Project("{FAE04EC0-301F-11D3-BF4B-00C04F79EFBC}") = "ABS.Logic.GroupBooking", "GBS\ABS.Logic.GroupBooking\ABS.Logic.GroupBooking.csproj", "{DA0BC31D-429A-4722-BBB5-FFB628A7A8CF}"
EndProject
Project("{FAE04EC0-301F-11D3-BF4B-00C04F79EFBC}") = "ABS.Logic.Shared", "GBS\ABS.Logic.Shared\ABS.Logic.Shared.csproj", "{2DFD53C5-092C-4079-BFF4-07AD4CC121B6}"
EndProject
Project("{FAE04EC0-301F-11D3-BF4B-00C04F79EFBC}") = "ABS.Navitaire", "GBS\ABS.Navitaire\ABS.Navitaire.csproj", "{9A63EB52-C4EF-4854-BA77-2C11B3609A46}"
EndProject
Global
	GlobalSection(SolutionConfigurationPlatforms) = preSolution
		Debug|Any CPU = Debug|Any CPU
		Release|Any CPU = Release|Any CPU
		Staging|Any CPU = Staging|Any CPU
	EndGlobalSection
	GlobalSection(ProjectConfigurationPlatforms) = postSolution
		{0FA75A5B-AB83-4FD0-B545-279774C01E87}.Debug|Any CPU.ActiveCfg = Debug|Any CPU
		{0FA75A5B-AB83-4FD0-B545-279774C01E87}.Debug|Any CPU.Build.0 = Debug|Any CPU
		{0FA75A5B-AB83-4FD0-B545-279774C01E87}.Release|Any CPU.ActiveCfg = Release|Any CPU
		{0FA75A5B-AB83-4FD0-B545-279774C01E87}.Release|Any CPU.Build.0 = Release|Any CPU
		{0FA75A5B-AB83-4FD0-B545-279774C01E87}.Staging|Any CPU.ActiveCfg = Release|Any CPU
		{0FA75A5B-AB83-4FD0-B545-279774C01E87}.Staging|Any CPU.Build.0 = Release|Any CPU
		{3870C648-4AEA-4B85-BA3F-F2F63B96136A}.Debug|Any CPU.ActiveCfg = Debug|Any CPU
		{3870C648-4AEA-4B85-BA3F-F2F63B96136A}.Debug|Any CPU.Build.0 = Debug|Any CPU
		{3870C648-4AEA-4B85-BA3F-F2F63B96136A}.Release|Any CPU.ActiveCfg = Release|Any CPU
		{3870C648-4AEA-4B85-BA3F-F2F63B96136A}.Release|Any CPU.Build.0 = Release|Any CPU
		{3870C648-4AEA-4B85-BA3F-F2F63B96136A}.Staging|Any CPU.ActiveCfg = Release|Any CPU
		{3870C648-4AEA-4B85-BA3F-F2F63B96136A}.Staging|Any CPU.Build.0 = Release|Any CPU
		{0D4C5D00-C144-4213-A007-4B8944113AB1}.Debug|Any CPU.ActiveCfg = Debug|Any CPU
		{0D4C5D00-C144-4213-A007-4B8944113AB1}.Debug|Any CPU.Build.0 = Debug|Any CPU
		{0D4C5D00-C144-4213-A007-4B8944113AB1}.Release|Any CPU.ActiveCfg = Release|Any CPU
		{0D4C5D00-C144-4213-A007-4B8944113AB1}.Release|Any CPU.Build.0 = Release|Any CPU
		{0D4C5D00-C144-4213-A007-4B8944113AB1}.Staging|Any CPU.ActiveCfg = Release|Any CPU
		{0D4C5D00-C144-4213-A007-4B8944113AB1}.Staging|Any CPU.Build.0 = Release|Any CPU
		{880B3591-E057-46FE-B525-10BD83828B93}.Debug|Any CPU.ActiveCfg = Debug|Any CPU
		{880B3591-E057-46FE-B525-10BD83828B93}.Debug|Any CPU.Build.0 = Debug|Any CPU
		{880B3591-E057-46FE-B525-10BD83828B93}.Release|Any CPU.ActiveCfg = Release|Any CPU
		{880B3591-E057-46FE-B525-10BD83828B93}.Release|Any CPU.Build.0 = Release|Any CPU
		{880B3591-E057-46FE-B525-10BD83828B93}.Staging|Any CPU.ActiveCfg = Release|Any CPU
		{880B3591-E057-46FE-B525-10BD83828B93}.Staging|Any CPU.Build.0 = Release|Any CPU
		{38E184BD-E874-4633-A947-AED4FDB73F40}.Debug|Any CPU.ActiveCfg = Debug|Any CPU
		{38E184BD-E874-4633-A947-AED4FDB73F40}.Debug|Any CPU.Build.0 = Debug|Any CPU
		{38E184BD-E874-4633-A947-AED4FDB73F40}.Release|Any CPU.ActiveCfg = Release|Any CPU
		{38E184BD-E874-4633-A947-AED4FDB73F40}.Release|Any CPU.Build.0 = Release|Any CPU
		{38E184BD-E874-4633-A947-AED4FDB73F40}.Staging|Any CPU.ActiveCfg = Release|Any CPU
		{38E184BD-E874-4633-A947-AED4FDB73F40}.Staging|Any CPU.Build.0 = Release|Any CPU
		{22CFE0D2-8DCA-42D7-AD7D-784C3862493F}.Debug|Any CPU.ActiveCfg = Debug|Any CPU
		{22CFE0D2-8DCA-42D7-AD7D-784C3862493F}.Debug|Any CPU.Build.0 = Debug|Any CPU
		{22CFE0D2-8DCA-42D7-AD7D-784C3862493F}.Release|Any CPU.ActiveCfg = Release|Any CPU
		{22CFE0D2-8DCA-42D7-AD7D-784C3862493F}.Release|Any CPU.Build.0 = Release|Any CPU
		{22CFE0D2-8DCA-42D7-AD7D-784C3862493F}.Staging|Any CPU.ActiveCfg = Release|Any CPU
		{22CFE0D2-8DCA-42D7-AD7D-784C3862493F}.Staging|Any CPU.Build.0 = Release|Any CPU
		{E0580562-F8F2-4EBB-B07A-ABFC6F2C314F}.Debug|Any CPU.ActiveCfg = Debug|Any CPU
		{E0580562-F8F2-4EBB-B07A-ABFC6F2C314F}.Debug|Any CPU.Build.0 = Debug|Any CPU
		{E0580562-F8F2-4EBB-B07A-ABFC6F2C314F}.Release|Any CPU.ActiveCfg = Release|Any CPU
		{E0580562-F8F2-4EBB-B07A-ABFC6F2C314F}.Release|Any CPU.Build.0 = Release|Any CPU
		{E0580562-F8F2-4EBB-B07A-ABFC6F2C314F}.Staging|Any CPU.ActiveCfg = Release|Any CPU
		{E0580562-F8F2-4EBB-B07A-ABFC6F2C314F}.Staging|Any CPU.Build.0 = Release|Any CPU
		{B4167657-5758-4ECB-B747-AA55AE70A493}.Debug|Any CPU.ActiveCfg = Debug|Any CPU
		{B4167657-5758-4ECB-B747-AA55AE70A493}.Debug|Any CPU.Build.0 = Debug|Any CPU
		{B4167657-5758-4ECB-B747-AA55AE70A493}.Release|Any CPU.ActiveCfg = Release|Any CPU
		{B4167657-5758-4ECB-B747-AA55AE70A493}.Release|Any CPU.Build.0 = Release|Any CPU
		{B4167657-5758-4ECB-B747-AA55AE70A493}.Staging|Any CPU.ActiveCfg = Release|Any CPU
		{B4167657-5758-4ECB-B747-AA55AE70A493}.Staging|Any CPU.Build.0 = Release|Any CPU
		{86ECF3C4-F6A8-4A57-B089-11B738343F5B}.Debug|Any CPU.ActiveCfg = Debug|Any CPU
		{86ECF3C4-F6A8-4A57-B089-11B738343F5B}.Debug|Any CPU.Build.0 = Debug|Any CPU
		{86ECF3C4-F6A8-4A57-B089-11B738343F5B}.Release|Any CPU.ActiveCfg = Release|Any CPU
		{86ECF3C4-F6A8-4A57-B089-11B738343F5B}.Release|Any CPU.Build.0 = Release|Any CPU
		{86ECF3C4-F6A8-4A57-B089-11B738343F5B}.Staging|Any CPU.ActiveCfg = Release|Any CPU
		{86ECF3C4-F6A8-4A57-B089-11B738343F5B}.Staging|Any CPU.Build.0 = Release|Any CPU
		{7484CAB1-B954-45E4-8E07-F46D28EF7489}.Debug|Any CPU.ActiveCfg = Debug|Any CPU
		{7484CAB1-B954-45E4-8E07-F46D28EF7489}.Debug|Any CPU.Build.0 = Debug|Any CPU
		{7484CAB1-B954-45E4-8E07-F46D28EF7489}.Release|Any CPU.ActiveCfg = Release|Any CPU
		{7484CAB1-B954-45E4-8E07-F46D28EF7489}.Release|Any CPU.Build.0 = Release|Any CPU
		{7484CAB1-B954-45E4-8E07-F46D28EF7489}.Staging|Any CPU.ActiveCfg = Release|Any CPU
		{7484CAB1-B954-45E4-8E07-F46D28EF7489}.Staging|Any CPU.Build.0 = Release|Any CPU
		{8AF4A445-60FD-40E9-8B89-B93589EE74B1}.Debug|Any CPU.ActiveCfg = Debug|Any CPU
		{8AF4A445-60FD-40E9-8B89-B93589EE74B1}.Debug|Any CPU.Build.0 = Debug|Any CPU
		{8AF4A445-60FD-40E9-8B89-B93589EE74B1}.Release|Any CPU.ActiveCfg = Release|Any CPU
		{8AF4A445-60FD-40E9-8B89-B93589EE74B1}.Release|Any CPU.Build.0 = Release|Any CPU
		{8AF4A445-60FD-40E9-8B89-B93589EE74B1}.Staging|Any CPU.ActiveCfg = Staging|Any CPU
		{8AF4A445-60FD-40E9-8B89-B93589EE74B1}.Staging|Any CPU.Build.0 = Staging|Any CPU
		{8E3728EB-DE77-4E05-9E96-05D4B45176AF}.Debug|Any CPU.ActiveCfg = Debug|Any CPU
		{8E3728EB-DE77-4E05-9E96-05D4B45176AF}.Debug|Any CPU.Build.0 = Debug|Any CPU
		{8E3728EB-DE77-4E05-9E96-05D4B45176AF}.Release|Any CPU.ActiveCfg = Release|Any CPU
		{8E3728EB-DE77-4E05-9E96-05D4B45176AF}.Release|Any CPU.Build.0 = Release|Any CPU
		{8E3728EB-DE77-4E05-9E96-05D4B45176AF}.Staging|Any CPU.ActiveCfg = Release|Any CPU
		{8E3728EB-DE77-4E05-9E96-05D4B45176AF}.Staging|Any CPU.Build.0 = Release|Any CPU
		{DA0BC31D-429A-4722-BBB5-FFB628A7A8CF}.Debug|Any CPU.ActiveCfg = Debug|Any CPU
		{DA0BC31D-429A-4722-BBB5-FFB628A7A8CF}.Debug|Any CPU.Build.0 = Debug|Any CPU
		{DA0BC31D-429A-4722-BBB5-FFB628A7A8CF}.Release|Any CPU.ActiveCfg = Release|Any CPU
		{DA0BC31D-429A-4722-BBB5-FFB628A7A8CF}.Release|Any CPU.Build.0 = Release|Any CPU
		{DA0BC31D-429A-4722-BBB5-FFB628A7A8CF}.Staging|Any CPU.ActiveCfg = Staging|Any CPU
		{DA0BC31D-429A-4722-BBB5-FFB628A7A8CF}.Staging|Any CPU.Build.0 = Staging|Any CPU
		{2DFD53C5-092C-4079-BFF4-07AD4CC121B6}.Debug|Any CPU.ActiveCfg = Debug|Any CPU
		{2DFD53C5-092C-4079-BFF4-07AD4CC121B6}.Debug|Any CPU.Build.0 = Debug|Any CPU
		{2DFD53C5-092C-4079-BFF4-07AD4CC121B6}.Release|Any CPU.ActiveCfg = Release|Any CPU
		{2DFD53C5-092C-4079-BFF4-07AD4CC121B6}.Release|Any CPU.Build.0 = Release|Any CPU
		{2DFD53C5-092C-4079-BFF4-07AD4CC121B6}.Staging|Any CPU.ActiveCfg = Staging|Any CPU
		{2DFD53C5-092C-4079-BFF4-07AD4CC121B6}.Staging|Any CPU.Build.0 = Staging|Any CPU
		{9A63EB52-C4EF-4854-BA77-2C11B3609A46}.Debug|Any CPU.ActiveCfg = Debug|Any CPU
		{9A63EB52-C4EF-4854-BA77-2C11B3609A46}.Debug|Any CPU.Build.0 = Debug|Any CPU
		{9A63EB52-C4EF-4854-BA77-2C11B3609A46}.Release|Any CPU.ActiveCfg = Release|Any CPU
		{9A63EB52-C4EF-4854-BA77-2C11B3609A46}.Release|Any CPU.Build.0 = Release|Any CPU
		{9A63EB52-C4EF-4854-BA77-2C11B3609A46}.Staging|Any CPU.ActiveCfg = Staging|Any CPU
		{9A63EB52-C4EF-4854-BA77-2C11B3609A46}.Staging|Any CPU.Build.0 = Staging|Any CPU
	EndGlobalSection
	GlobalSection(SolutionProperties) = preSolution
		HideSolutionNode = FALSE
	EndGlobalSection
	GlobalSection(NestedProjects) = preSolution
		{0FA75A5B-AB83-4FD0-B545-279774C01E87} = {AFAA0841-BD93-466F-B8F4-FB4EEC86F1FC}
		{3870C648-4AEA-4B85-BA3F-F2F63B96136A} = {AFAA0841-BD93-466F-B8F4-FB4EEC86F1FC}
		{0D4C5D00-C144-4213-A007-4B8944113AB1} = {F10AA149-2626-486E-85BB-9CD5365F3016}
		{880B3591-E057-46FE-B525-10BD83828B93} = {AFAA0841-BD93-466F-B8F4-FB4EEC86F1FC}
		{38E184BD-E874-4633-A947-AED4FDB73F40} = {AFAA0841-BD93-466F-B8F4-FB4EEC86F1FC}
		{22CFE0D2-8DCA-42D7-AD7D-784C3862493F} = {AFAA0841-BD93-466F-B8F4-FB4EEC86F1FC}
		{E0580562-F8F2-4EBB-B07A-ABFC6F2C314F} = {AFAA0841-BD93-466F-B8F4-FB4EEC86F1FC}
		{B4167657-5758-4ECB-B747-AA55AE70A493} = {AFAA0841-BD93-466F-B8F4-FB4EEC86F1FC}
		{86ECF3C4-F6A8-4A57-B089-11B738343F5B} = {E0B9E252-D1ED-4AF9-9DA8-7D225730116A}
		{7484CAB1-B954-45E4-8E07-F46D28EF7489} = {E0B9E252-D1ED-4AF9-9DA8-7D225730116A}
		{8AF4A445-60FD-40E9-8B89-B93589EE74B1} = {3D3B4AA2-5BAC-45DE-83B2-85DB72E65546}
		{8E3728EB-DE77-4E05-9E96-05D4B45176AF} = {3D3B4AA2-5BAC-45DE-83B2-85DB72E65546}
		{DA0BC31D-429A-4722-BBB5-FFB628A7A8CF} = {3D3B4AA2-5BAC-45DE-83B2-85DB72E65546}
		{2DFD53C5-092C-4079-BFF4-07AD4CC121B6} = {3D3B4AA2-5BAC-45DE-83B2-85DB72E65546}
		{9A63EB52-C4EF-4854-BA77-2C11B3609A46} = {3D3B4AA2-5BAC-45DE-83B2-85DB72E65546}
	EndGlobalSection
	GlobalSection(ExtensibilityGlobals) = postSolution
		SolutionGuid = {8537296A-631C-4FB0-B166-D02F71149E63}
	EndGlobalSection
EndGlobal
